
Microsoft Visual Studio Solution File, Format Version 12.00
# Visual Studio Version 16
VisualStudioVersion = 16.0.32106.194
MinimumVisualStudioVersion = 10.0.40219.1
Project("{FAE04EC0-301F-11D3-BF4B-00C04F79EFBC}") = "MyFirstWebApi", "MyFirstWebApi\MyFirstWebApi.csproj", "{1AFB347E-E9A9-4AE1-AE50-5E5C3EB24FD5}"
EndProject
Global
	GlobalSection(SolutionConfigurationPlatforms) = preSolution
		Debug|Any CPU = Debug|Any CPU
		Release|Any CPU = Release|Any CPU
	EndGlobalSection
	GlobalSection(ProjectConfigurationPlatforms) = postSolution
		{1AFB347E-E9A9-4AE1-AE50-5E5C3EB24FD5}.Debug|Any CPU.ActiveCfg = Debug|Any CPU
		{1AFB347E-E9A9-4AE1-AE50-5E5C3EB24FD5}.Debug|Any CPU.Build.0 = Debug|Any CPU
		{1AFB347E-E9A9-4AE1-AE50-5E5C3EB24FD5}.Release|Any CPU.ActiveCfg = Release|Any CPU
		{1AFB347E-E9A9-4AE1-AE50-5E5C3EB24FD5}.Release|Any CPU.Build.0 = Release|Any CPU
	EndGlobalSection
	GlobalSection(SolutionProperties) = preSolution
		HideSolutionNode = FALSE
	EndGlobalSection
	GlobalSection(ExtensibilityGlobals) = postSolution
		SolutionGuid = {9DDF8BBF-315F-48E0-9E6A-9AC93C61EA1B}
	EndGlobalSection
EndGlobal
